
Microsoft Visual Studio Solution File, Format Version 9.00
# Visual C# Express 2005
Project("{FAE04EC0-301F-11D3-BF4B-00C04F79EFBC}") = "InventoryViewer", "InventoryViewer.csproj", "{E1F7AE61-0999-4928-9220-E05F1315624D}"
EndProject
Global
	GlobalSection(SolutionConfigurationPlatforms) = preSolution
		Debug|Any CPU = Debug|Any CPU
		Release|Any CPU = Release|Any CPU
	EndGlobalSection
	GlobalSection(ProjectConfigurationPlatforms) = postSolution
		{E1F7AE61-0999-4928-9220-E05F1315624D}.Debug|Any CPU.ActiveCfg = Debug|Any CPU
		{E1F7AE61-0999-4928-9220-E05F1315624D}.Debug|Any CPU.Build.0 = Debug|Any CPU
		{E1F7AE61-0999-4928-9220-E05F1315624D}.Release|Any CPU.ActiveCfg = Release|Any CPU
		{E1F7AE61-0999-4928-9220-E05F1315624D}.Release|Any CPU.Build.0 = Release|Any CPU
	EndGlobalSection
	GlobalSection(SolutionProperties) = preSolution
		HideSolutionNode = FALSE
	EndGlobalSection
EndGlobal
